// !$*UTF8*$!
{
	archiveVersion = 1;
	classes = {
	};
	objectVersion = 50;
	objects = {

/* Begin PBXBuildFile section */
		DB35321D218D3327006D8EDB /* DetalleViewController.swift in Sources */ = {isa = PBXBuildFile; fileRef = DB35321C218D3327006D8EDB /* DetalleViewController.swift */; };
		DB36D433218E0166002A877F /* Usuario.storyboard in Resources */ = {isa = PBXBuildFile; fileRef = DB36D431218E0166002A877F /* Usuario.storyboard */; };
		DB36D44B218E13F8002A877F /* PostViewController.swift in Sources */ = {isa = PBXBuildFile; fileRef = DB36D44A218E13F8002A877F /* PostViewController.swift */; };
		DB36D450218E14A6002A877F /* Post.storyboard in Resources */ = {isa = PBXBuildFile; fileRef = DB36D44E218E14A6002A877F /* Post.storyboard */; };
		DB36D452218E15B8002A877F /* PostViewDS.swift in Sources */ = {isa = PBXBuildFile; fileRef = DB36D451218E15B8002A877F /* PostViewDS.swift */; };
		DB42115221A05C1F0011C663 /* PostCell.swift in Sources */ = {isa = PBXBuildFile; fileRef = DB42115121A05C1F0011C663 /* PostCell.swift */; };
		DB42115421A074C70011C663 /* FormularioViewController.swift in Sources */ = {isa = PBXBuildFile; fileRef = DB42115321A074C70011C663 /* FormularioViewController.swift */; };
		DB4F58DD2184D33700054762 /* TableViewController.swift in Sources */ = {isa = PBXBuildFile; fileRef = DB4F58DC2184D33700054762 /* TableViewController.swift */; };
		DB4F58DF2184D42400054762 /* TableViewDS.swift in Sources */ = {isa = PBXBuildFile; fileRef = DB4F58DE2184D42400054762 /* TableViewDS.swift */; };
		DB4F58E12184E0E300054762 /* CollectionViewController.swift in Sources */ = {isa = PBXBuildFile; fileRef = DB4F58E02184E0E300054762 /* CollectionViewController.swift */; };
		DB4F58E32184E0F100054762 /* CollectionViewDS.swift in Sources */ = {isa = PBXBuildFile; fileRef = DB4F58E22184E0F100054762 /* CollectionViewDS.swift */; };
		DB9BCC1F218D1D700031043E /* CustomCell.swift in Sources */ = {isa = PBXBuildFile; fileRef = DB9BCC1E218D1D700031043E /* CustomCell.swift */; };
		DBE6A5C1219F92D400D5967E /* Alamofire.framework in Frameworks */ = {isa = PBXBuildFile; fileRef = DBE6A5BF219F92D400D5967E /* Alamofire.framework */; };
		DBE6A5C2219F92D400D5967E /* ObjectMapper.framework in Frameworks */ = {isa = PBXBuildFile; fileRef = DBE6A5C0219F92D400D5967E /* ObjectMapper.framework */; };
		DBE6A5C8219F96AC00D5967E /* Kingfisher.framework in Frameworks */ = {isa = PBXBuildFile; fileRef = DBE6A5C7219F96AC00D5967E /* Kingfisher.framework */; };
		DBE6A5CB219F997400D5967E /* ImageViewController.swift in Sources */ = {isa = PBXBuildFile; fileRef = DBE6A5CA219F997400D5967E /* ImageViewController.swift */; };
		DBE6A5CD219F99E900D5967E /* Image.storyboard in Resources */ = {isa = PBXBuildFile; fileRef = DBE6A5CC219F99E900D5967E /* Image.storyboard */; };
		DBE6A604219FA5A800D5967E /* Models.framework in Frameworks */ = {isa = PBXBuildFile; fileRef = DBE6A601219FA58B00D5967E /* Models.framework */; };
		DBE6A605219FA5A800D5967E /* Models.framework in Embed Frameworks */ = {isa = PBXBuildFile; fileRef = DBE6A601219FA58B00D5967E /* Models.framework */; settings = {ATTRIBUTES = (CodeSignOnCopy, RemoveHeadersOnCopy, ); }; };
		DBF42DE32184A41C001BDC80 /* AppDelegate.swift in Sources */ = {isa = PBXBuildFile; fileRef = DBF42DE22184A41C001BDC80 /* AppDelegate.swift */; };
		DBF42DE52184A41C001BDC80 /* ViewController.swift in Sources */ = {isa = PBXBuildFile; fileRef = DBF42DE42184A41C001BDC80 /* ViewController.swift */; };
		DBF42DE82184A41C001BDC80 /* Main.storyboard in Resources */ = {isa = PBXBuildFile; fileRef = DBF42DE62184A41C001BDC80 /* Main.storyboard */; };
		DBF42DEA2184A41E001BDC80 /* Assets.xcassets in Resources */ = {isa = PBXBuildFile; fileRef = DBF42DE92184A41E001BDC80 /* Assets.xcassets */; };
		DBF42DED2184A41E001BDC80 /* LaunchScreen.storyboard in Resources */ = {isa = PBXBuildFile; fileRef = DBF42DEB2184A41E001BDC80 /* LaunchScreen.storyboard */; };
		DBF42DF82184A41E001BDC80 /* TestTests.swift in Sources */ = {isa = PBXBuildFile; fileRef = DBF42DF72184A41E001BDC80 /* TestTests.swift */; };
		DBF42E032184A41E001BDC80 /* TestUITests.swift in Sources */ = {isa = PBXBuildFile; fileRef = DBF42E022184A41E001BDC80 /* TestUITests.swift */; };
/* End PBXBuildFile section */

/* Begin PBXContainerItemProxy section */
		DBE6A600219FA58B00D5967E /* PBXContainerItemProxy */ = {
			isa = PBXContainerItemProxy;
			containerPortal = DBE6A5FC219FA58B00D5967E /* Models.xcodeproj */;
			proxyType = 2;
			remoteGlobalIDString = DBE6A5F1219FA57200D5967E;
			remoteInfo = Models;
		};
		DBE6A602219FA59A00D5967E /* PBXContainerItemProxy */ = {
			isa = PBXContainerItemProxy;
			containerPortal = DBE6A5FC219FA58B00D5967E /* Models.xcodeproj */;
			proxyType = 1;
			remoteGlobalIDString = DBE6A5F0219FA57200D5967E;
			remoteInfo = Models;
		};
		DBE6A606219FA5A800D5967E /* PBXContainerItemProxy */ = {
			isa = PBXContainerItemProxy;
			containerPortal = DBE6A5FC219FA58B00D5967E /* Models.xcodeproj */;
			proxyType = 1;
			remoteGlobalIDString = DBE6A5F0219FA57200D5967E;
			remoteInfo = Models;
		};
		DBF42DF42184A41E001BDC80 /* PBXContainerItemProxy */ = {
			isa = PBXContainerItemProxy;
			containerPortal = DBF42DD72184A41C001BDC80 /* Project object */;
			proxyType = 1;
			remoteGlobalIDString = DBF42DDE2184A41C001BDC80;
			remoteInfo = Test;
		};
		DBF42DFF2184A41E001BDC80 /* PBXContainerItemProxy */ = {
			isa = PBXContainerItemProxy;
			containerPortal = DBF42DD72184A41C001BDC80 /* Project object */;
			proxyType = 1;
			remoteGlobalIDString = DBF42DDE2184A41C001BDC80;
			remoteInfo = Test;
		};
/* End PBXContainerItemProxy section */

/* Begin PBXCopyFilesBuildPhase section */
		DB36D43B218E08A1002A877F /* Embed Frameworks */ = {
			isa = PBXCopyFilesBuildPhase;
			buildActionMask = 2147483647;
			dstPath = "";
			dstSubfolderSpec = 10;
			files = (
				DBE6A605219FA5A800D5967E /* Models.framework in Embed Frameworks */,
			);
			name = "Embed Frameworks";
			runOnlyForDeploymentPostprocessing = 0;
		};
/* End PBXCopyFilesBuildPhase section */

/* Begin PBXFileReference section */
		DB35321C218D3327006D8EDB /* DetalleViewController.swift */ = {isa = PBXFileReference; lastKnownFileType = sourcecode.swift; path = DetalleViewController.swift; sourceTree = "<group>"; };
		DB36D432218E0166002A877F /* Base */ = {isa = PBXFileReference; lastKnownFileType = file.storyboard; name = Base; path = Test/Base.lproj/Usuario.storyboard; sourceTree = "<group>"; };
		DB36D44A218E13F8002A877F /* PostViewController.swift */ = {isa = PBXFileReference; lastKnownFileType = sourcecode.swift; path = PostViewController.swift; sourceTree = "<group>"; };
		DB36D44F218E14A6002A877F /* Base */ = {isa = PBXFileReference; lastKnownFileType = file.storyboard; name = Base; path = Test/Main/Base.lproj/Post.storyboard; sourceTree = "<group>"; };
		DB36D451218E15B8002A877F /* PostViewDS.swift */ = {isa = PBXFileReference; lastKnownFileType = sourcecode.swift; path = PostViewDS.swift; sourceTree = "<group>"; };
		DB42115121A05C1F0011C663 /* PostCell.swift */ = {isa = PBXFileReference; lastKnownFileType = sourcecode.swift; path = PostCell.swift; sourceTree = "<group>"; };
		DB42115321A074C70011C663 /* FormularioViewController.swift */ = {isa = PBXFileReference; lastKnownFileType = sourcecode.swift; path = FormularioViewController.swift; sourceTree = "<group>"; };
		DB4F58DC2184D33700054762 /* TableViewController.swift */ = {isa = PBXFileReference; lastKnownFileType = sourcecode.swift; path = TableViewController.swift; sourceTree = "<group>"; };
		DB4F58DE2184D42400054762 /* TableViewDS.swift */ = {isa = PBXFileReference; lastKnownFileType = sourcecode.swift; path = TableViewDS.swift; sourceTree = "<group>"; };
		DB4F58E02184E0E300054762 /* CollectionViewController.swift */ = {isa = PBXFileReference; lastKnownFileType = sourcecode.swift; path = CollectionViewController.swift; sourceTree = "<group>"; };
		DB4F58E22184E0F100054762 /* CollectionViewDS.swift */ = {isa = PBXFileReference; lastKnownFileType = sourcecode.swift; path = CollectionViewDS.swift; sourceTree = "<group>"; };
		DB9BCC1E218D1D700031043E /* CustomCell.swift */ = {isa = PBXFileReference; lastKnownFileType = sourcecode.swift; path = CustomCell.swift; sourceTree = "<group>"; };
		DBE6A5BF219F92D400D5967E /* Alamofire.framework */ = {isa = PBXFileReference; lastKnownFileType = wrapper.framework; name = Alamofire.framework; path = Carthage/Build/iOS/Alamofire.framework; sourceTree = "<group>"; };
		DBE6A5C0219F92D400D5967E /* ObjectMapper.framework */ = {isa = PBXFileReference; lastKnownFileType = wrapper.framework; name = ObjectMapper.framework; path = Carthage/Build/iOS/ObjectMapper.framework; sourceTree = "<group>"; };
		DBE6A5C7219F96AC00D5967E /* Kingfisher.framework */ = {isa = PBXFileReference; lastKnownFileType = wrapper.framework; name = Kingfisher.framework; path = Carthage/Build/iOS/Kingfisher.framework; sourceTree = "<group>"; };
		DBE6A5CA219F997400D5967E /* ImageViewController.swift */ = {isa = PBXFileReference; lastKnownFileType = sourcecode.swift; path = ImageViewController.swift; sourceTree = "<group>"; };
		DBE6A5CC219F99E900D5967E /* Image.storyboard */ = {isa = PBXFileReference; lastKnownFileType = file.storyboard; path = Image.storyboard; sourceTree = "<group>"; };
		DBE6A5FC219FA58B00D5967E /* Models.xcodeproj */ = {isa = PBXFileReference; lastKnownFileType = "wrapper.pb-project"; name = Models.xcodeproj; path = ../Models/Models.xcodeproj; sourceTree = "<group>"; };
		DBF42DDF2184A41C001BDC80 /* Test.app */ = {isa = PBXFileReference; explicitFileType = wrapper.application; includeInIndex = 0; path = Test.app; sourceTree = BUILT_PRODUCTS_DIR; };
		DBF42DE22184A41C001BDC80 /* AppDelegate.swift */ = {isa = PBXFileReference; lastKnownFileType = sourcecode.swift; path = AppDelegate.swift; sourceTree = "<group>"; };
		DBF42DE42184A41C001BDC80 /* ViewController.swift */ = {isa = PBXFileReference; lastKnownFileType = sourcecode.swift; path = ViewController.swift; sourceTree = "<group>"; };
		DBF42DE72184A41C001BDC80 /* Base */ = {isa = PBXFileReference; lastKnownFileType = file.storyboard; name = Base; path = Base.lproj/Main.storyboard; sourceTree = "<group>"; };
		DBF42DE92184A41E001BDC80 /* Assets.xcassets */ = {isa = PBXFileReference; lastKnownFileType = folder.assetcatalog; path = Assets.xcassets; sourceTree = "<group>"; };
		DBF42DEC2184A41E001BDC80 /* Base */ = {isa = PBXFileReference; lastKnownFileType = file.storyboard; name = Base; path = Base.lproj/LaunchScreen.storyboard; sourceTree = "<group>"; };
		DBF42DEE2184A41E001BDC80 /* Info.plist */ = {isa = PBXFileReference; lastKnownFileType = text.plist.xml; path = Info.plist; sourceTree = "<group>"; };
		DBF42DF32184A41E001BDC80 /* TestTests.xctest */ = {isa = PBXFileReference; explicitFileType = wrapper.cfbundle; includeInIndex = 0; path = TestTests.xctest; sourceTree = BUILT_PRODUCTS_DIR; };
		DBF42DF72184A41E001BDC80 /* TestTests.swift */ = {isa = PBXFileReference; lastKnownFileType = sourcecode.swift; path = TestTests.swift; sourceTree = "<group>"; };
		DBF42DF92184A41E001BDC80 /* Info.plist */ = {isa = PBXFileReference; lastKnownFileType = text.plist.xml; path = Info.plist; sourceTree = "<group>"; };
		DBF42DFE2184A41E001BDC80 /* TestUITests.xctest */ = {isa = PBXFileReference; explicitFileType = wrapper.cfbundle; includeInIndex = 0; path = TestUITests.xctest; sourceTree = BUILT_PRODUCTS_DIR; };
		DBF42E022184A41E001BDC80 /* TestUITests.swift */ = {isa = PBXFileReference; lastKnownFileType = sourcecode.swift; path = TestUITests.swift; sourceTree = "<group>"; };
		DBF42E042184A41E001BDC80 /* Info.plist */ = {isa = PBXFileReference; lastKnownFileType = text.plist.xml; path = Info.plist; sourceTree = "<group>"; };
/* End PBXFileReference section */

/* Begin PBXFrameworksBuildPhase section */
		DBF42DDC2184A41C001BDC80 /* Frameworks */ = {
			isa = PBXFrameworksBuildPhase;
			buildActionMask = 2147483647;
			files = (
				DBE6A604219FA5A800D5967E /* Models.framework in Frameworks */,
				DBE6A5C2219F92D400D5967E /* ObjectMapper.framework in Frameworks */,
				DBE6A5C8219F96AC00D5967E /* Kingfisher.framework in Frameworks */,
				DBE6A5C1219F92D400D5967E /* Alamofire.framework in Frameworks */,
			);
			runOnlyForDeploymentPostprocessing = 0;
		};
		DBF42DF02184A41E001BDC80 /* Frameworks */ = {
			isa = PBXFrameworksBuildPhase;
			buildActionMask = 2147483647;
			files = (
			);
			runOnlyForDeploymentPostprocessing = 0;
		};
		DBF42DFB2184A41E001BDC80 /* Frameworks */ = {
			isa = PBXFrameworksBuildPhase;
			buildActionMask = 2147483647;
			files = (
			);
			runOnlyForDeploymentPostprocessing = 0;
		};
/* End PBXFrameworksBuildPhase section */

/* Begin PBXGroup section */
		DB36D43C218E0993002A877F /* Usuario */ = {
			isa = PBXGroup;
			children = (
				DB36D431218E0166002A877F /* Usuario.storyboard */,
				DB36D441218E0B5C002A877F /* List */,
				DB36D440218E0B49002A877F /* Detalle */,
			);
			path = Usuario;
			sourceTree = "<group>";
		};
		DB36D440218E0B49002A877F /* Detalle */ = {
			isa = PBXGroup;
			children = (
				DB35321C218D3327006D8EDB /* DetalleViewController.swift */,
			);
			path = Detalle;
			sourceTree = "<group>";
		};
		DB36D441218E0B5C002A877F /* List */ = {
			isa = PBXGroup;
			children = (
				DB4F58DC2184D33700054762 /* TableViewController.swift */,
				DB36D442218E0B6B002A877F /* TableView */,
			);
			path = List;
			sourceTree = "<group>";
		};
		DB36D442218E0B6B002A877F /* TableView */ = {
			isa = PBXGroup;
			children = (
				DB4F58DE2184D42400054762 /* TableViewDS.swift */,
				DB9BCC1E218D1D700031043E /* CustomCell.swift */,
			);
			path = TableView;
			sourceTree = "<group>";
		};
		DB36D443218E0B8A002A877F /* Launch */ = {
			isa = PBXGroup;
			children = (
				DBF42DE22184A41C001BDC80 /* AppDelegate.swift */,
				DBF42DEB2184A41E001BDC80 /* LaunchScreen.storyboard */,
			);
			path = Launch;
			sourceTree = "<group>";
		};
		DB36D444218E0BAF002A877F /* Config */ = {
			isa = PBXGroup;
			children = (
				DBF42DEE2184A41E001BDC80 /* Info.plist */,
			);
			path = Config;
			sourceTree = "<group>";
		};
		DB36D445218E0BB9002A877F /* Resources */ = {
			isa = PBXGroup;
			children = (
				DBF42DE92184A41E001BDC80 /* Assets.xcassets */,
			);
			path = Resources;
			sourceTree = "<group>";
		};
		DB36D446218E0BF8002A877F /* Coleccion */ = {
			isa = PBXGroup;
			children = (
				DBF42DE42184A41C001BDC80 /* ViewController.swift */,
				DB4F58E02184E0E300054762 /* CollectionViewController.swift */,
				DB4F58E22184E0F100054762 /* CollectionViewDS.swift */,
			);
			path = Coleccion;
			sourceTree = "<group>";
		};
		DB36D447218E0C8A002A877F /* Main */ = {
			isa = PBXGroup;
			children = (
				DBF42DE62184A41C001BDC80 /* Main.storyboard */,
			);
			path = Main;
			sourceTree = "<group>";
		};
		DB36D453218E1756002A877F /* Post */ = {
			isa = PBXGroup;
			children = (
				DB36D44E218E14A6002A877F /* Post.storyboard */,
				DB36D458218E17FA002A877F /* List */,
			);
			path = Post;
			sourceTree = "<group>";
		};
		DB36D458218E17FA002A877F /* List */ = {
			isa = PBXGroup;
			children = (
				DB36D44A218E13F8002A877F /* PostViewController.swift */,
				DB36D451218E15B8002A877F /* PostViewDS.swift */,
				DB42115121A05C1F0011C663 /* PostCell.swift */,
			);
			path = List;
			sourceTree = "<group>";
		};
		DBE6A5C9219F995B00D5967E /* Image */ = {
			isa = PBXGroup;
			children = (
				DBE6A5CA219F997400D5967E /* ImageViewController.swift */,
				DBE6A5CC219F99E900D5967E /* Image.storyboard */,
				DB42115321A074C70011C663 /* FormularioViewController.swift */,
			);
			path = Image;
			sourceTree = "<group>";
		};
		DBE6A5FD219FA58B00D5967E /* Products */ = {
			isa = PBXGroup;
			children = (
				DBE6A601219FA58B00D5967E /* Models.framework */,
			);
			name = Products;
			sourceTree = "<group>";
		};
		DBF42DD62184A41C001BDC80 = {
			isa = PBXGroup;
			children = (
				DBE6A5FC219FA58B00D5967E /* Models.xcodeproj */,
				DBF42DE12184A41C001BDC80 /* Test */,
				DBF42DF62184A41E001BDC80 /* TestTests */,
				DBF42E012184A41E001BDC80 /* TestUITests */,
				DBF42DE02184A41C001BDC80 /* Products */,
				DBE6A5C7219F96AC00D5967E /* Kingfisher.framework */,
				DBE6A5BF219F92D400D5967E /* Alamofire.framework */,
				DBE6A5C0219F92D400D5967E /* ObjectMapper.framework */,
			);
			sourceTree = "<group>";
		};
		DBF42DE02184A41C001BDC80 /* Products */ = {
			isa = PBXGroup;
			children = (
				DBF42DDF2184A41C001BDC80 /* Test.app */,
				DBF42DF32184A41E001BDC80 /* TestTests.xctest */,
				DBF42DFE2184A41E001BDC80 /* TestUITests.xctest */,
			);
			name = Products;
			sourceTree = "<group>";
		};
		DBF42DE12184A41C001BDC80 /* Test */ = {
			isa = PBXGroup;
			children = (
				DBE6A5C9219F995B00D5967E /* Image */,
				DB36D453218E1756002A877F /* Post */,
				DB36D43C218E0993002A877F /* Usuario */,
				DB36D443218E0B8A002A877F /* Launch */,
				DB36D446218E0BF8002A877F /* Coleccion */,
				DB36D447218E0C8A002A877F /* Main */,
				DB36D445218E0BB9002A877F /* Resources */,
				DB36D444218E0BAF002A877F /* Config */,
			);
			path = Test;
			sourceTree = "<group>";
		};
		DBF42DF62184A41E001BDC80 /* TestTests */ = {
			isa = PBXGroup;
			children = (
				DBF42DF72184A41E001BDC80 /* TestTests.swift */,
				DBF42DF92184A41E001BDC80 /* Info.plist */,
			);
			path = TestTests;
			sourceTree = "<group>";
		};
		DBF42E012184A41E001BDC80 /* TestUITests */ = {
			isa = PBXGroup;
			children = (
				DBF42E022184A41E001BDC80 /* TestUITests.swift */,
				DBF42E042184A41E001BDC80 /* Info.plist */,
			);
			path = TestUITests;
			sourceTree = "<group>";
		};
/* End PBXGroup section */

/* Begin PBXNativeTarget section */
		DBF42DDE2184A41C001BDC80 /* Test */ = {
			isa = PBXNativeTarget;
			buildConfigurationList = DBF42E072184A41E001BDC80 /* Build configuration list for PBXNativeTarget "Test" */;
			buildPhases = (
				DBF42DDB2184A41C001BDC80 /* Sources */,
				DBF42DDC2184A41C001BDC80 /* Frameworks */,
				DBF42DDD2184A41C001BDC80 /* Resources */,
				DB36D43B218E08A1002A877F /* Embed Frameworks */,
				DBE6A5C4219F933800D5967E /* Carthage */,
			);
			buildRules = (
			);
			dependencies = (
				DBE6A603219FA59A00D5967E /* PBXTargetDependency */,
				DBE6A607219FA5A800D5967E /* PBXTargetDependency */,
			);
			name = Test;
			productName = Test;
			productReference = DBF42DDF2184A41C001BDC80 /* Test.app */;
			productType = "com.apple.product-type.application";
		};
		DBF42DF22184A41E001BDC80 /* TestTests */ = {
			isa = PBXNativeTarget;
			buildConfigurationList = DBF42E0A2184A41E001BDC80 /* Build configuration list for PBXNativeTarget "TestTests" */;
			buildPhases = (
				DBF42DEF2184A41E001BDC80 /* Sources */,
				DBF42DF02184A41E001BDC80 /* Frameworks */,
				DBF42DF12184A41E001BDC80 /* Resources */,
			);
			buildRules = (
			);
			dependencies = (
				DBF42DF52184A41E001BDC80 /* PBXTargetDependency */,
			);
			name = TestTests;
			productName = TestTests;
			productReference = DBF42DF32184A41E001BDC80 /* TestTests.xctest */;
			productType = "com.apple.product-type.bundle.unit-test";
		};
		DBF42DFD2184A41E001BDC80 /* TestUITests */ = {
			isa = PBXNativeTarget;
			buildConfigurationList = DBF42E0D2184A41E001BDC80 /* Build configuration list for PBXNativeTarget "TestUITests" */;
			buildPhases = (
				DBF42DFA2184A41E001BDC80 /* Sources */,
				DBF42DFB2184A41E001BDC80 /* Frameworks */,
				DBF42DFC2184A41E001BDC80 /* Resources */,
			);
			buildRules = (
			);
			dependencies = (
				DBF42E002184A41E001BDC80 /* PBXTargetDependency */,
			);
			name = TestUITests;
			productName = TestUITests;
			productReference = DBF42DFE2184A41E001BDC80 /* TestUITests.xctest */;
			productType = "com.apple.product-type.bundle.ui-testing";
		};
/* End PBXNativeTarget section */

/* Begin PBXProject section */
		DBF42DD72184A41C001BDC80 /* Project object */ = {
			isa = PBXProject;
			attributes = {
				LastSwiftUpdateCheck = 1000;
				LastUpgradeCheck = 1000;
				ORGANIZATIONNAME = delvecchio;
				TargetAttributes = {
					DBF42DDE2184A41C001BDC80 = {
						CreatedOnToolsVersion = 10.0;
					};
					DBF42DF22184A41E001BDC80 = {
						CreatedOnToolsVersion = 10.0;
						TestTargetID = DBF42DDE2184A41C001BDC80;
					};
					DBF42DFD2184A41E001BDC80 = {
						CreatedOnToolsVersion = 10.0;
						TestTargetID = DBF42DDE2184A41C001BDC80;
					};
				};
			};
			buildConfigurationList = DBF42DDA2184A41C001BDC80 /* Build configuration list for PBXProject "Test" */;
			compatibilityVersion = "Xcode 9.3";
			developmentRegion = en;
			hasScannedForEncodings = 0;
			knownRegions = (
				en,
				Base,
			);
			mainGroup = DBF42DD62184A41C001BDC80;
			productRefGroup = DBF42DE02184A41C001BDC80 /* Products */;
			projectDirPath = "";
			projectReferences = (
				{
					ProductGroup = DBE6A5FD219FA58B00D5967E /* Products */;
					ProjectRef = DBE6A5FC219FA58B00D5967E /* Models.xcodeproj */;
				},
			);
			projectRoot = "";
			targets = (
				DBF42DDE2184A41C001BDC80 /* Test */,
				DBF42DF22184A41E001BDC80 /* TestTests */,
				DBF42DFD2184A41E001BDC80 /* TestUITests */,
			);
		};
/* End PBXProject section */

/* Begin PBXReferenceProxy section */
		DBE6A601219FA58B00D5967E /* Models.framework */ = {
			isa = PBXReferenceProxy;
			fileType = wrapper.framework;
			path = Models.framework;
			remoteRef = DBE6A600219FA58B00D5967E /* PBXContainerItemProxy */;
			sourceTree = BUILT_PRODUCTS_DIR;
		};
/* End PBXReferenceProxy section */

/* Begin PBXResourcesBuildPhase section */
		DBF42DDD2184A41C001BDC80 /* Resources */ = {
			isa = PBXResourcesBuildPhase;
			buildActionMask = 2147483647;
			files = (
				DBF42DED2184A41E001BDC80 /* LaunchScreen.storyboard in Resources */,
				DB36D433218E0166002A877F /* Usuario.storyboard in Resources */,
				DBE6A5CD219F99E900D5967E /* Image.storyboard in Resources */,
				DBF42DEA2184A41E001BDC80 /* Assets.xcassets in Resources */,
				DB36D450218E14A6002A877F /* Post.storyboard in Resources */,
				DBF42DE82184A41C001BDC80 /* Main.storyboard in Resources */,
			);
			runOnlyForDeploymentPostprocessing = 0;
		};
		DBF42DF12184A41E001BDC80 /* Resources */ = {
			isa = PBXResourcesBuildPhase;
			buildActionMask = 2147483647;
			files = (
			);
			runOnlyForDeploymentPostprocessing = 0;
		};
		DBF42DFC2184A41E001BDC80 /* Resources */ = {
			isa = PBXResourcesBuildPhase;
			buildActionMask = 2147483647;
			files = (
			);
			runOnlyForDeploymentPostprocessing = 0;
		};
/* End PBXResourcesBuildPhase section */

/* Begin PBXShellScriptBuildPhase section */
		DBE6A5C4219F933800D5967E /* Carthage */ = {
			isa = PBXShellScriptBuildPhase;
			buildActionMask = 2147483647;
			files = (
			);
			inputFileListPaths = (
			);
			inputPaths = (
				"$(SRCROOT)/Carthage/Build/iOS/Alamofire.framework",
				"$(SRCROOT)/Carthage/Build/iOS/ObjectMapper.framework",
				"$(SRCROOT)/Carthage/Build/iOS/Kingfisher.framework",
			);
			name = Carthage;
			outputFileListPaths = (
			);
			outputPaths = (
				"$(BUILT_PRODUCTS_DIR)/$(FRAMEWORKS_FOLDER_PATH)/Alamofire.framework",
				"$(BUILT_PRODUCTS_DIR)/$(FRAMEWORKS_FOLDER_PATH)/ObjectMapper.framework",
				"$(BUILT_PRODUCTS_DIR)/$(FRAMEWORKS_FOLDER_PATH)/Kingfisher.framework",
			);
			runOnlyForDeploymentPostprocessing = 0;
			shellPath = /bin/sh;
			shellScript = "/usr/local/bin/carthage copy-frameworks\n";
		};
/* End PBXShellScriptBuildPhase section */

/* Begin PBXSourcesBuildPhase section */
		DBF42DDB2184A41C001BDC80 /* Sources */ = {
			isa = PBXSourcesBuildPhase;
			buildActionMask = 2147483647;
			files = (
				DBF42DE52184A41C001BDC80 /* ViewController.swift in Sources */,
				DB4F58DD2184D33700054762 /* TableViewController.swift in Sources */,
				DB36D44B218E13F8002A877F /* PostViewController.swift in Sources */,
				DB35321D218D3327006D8EDB /* DetalleViewController.swift in Sources */,
				DBE6A5CB219F997400D5967E /* ImageViewController.swift in Sources */,
				DB36D452218E15B8002A877F /* PostViewDS.swift in Sources */,
				DB4F58DF2184D42400054762 /* TableViewDS.swift in Sources */,
				DBF42DE32184A41C001BDC80 /* AppDelegate.swift in Sources */,
				DB4F58E12184E0E300054762 /* CollectionViewController.swift in Sources */,
				DB9BCC1F218D1D700031043E /* CustomCell.swift in Sources */,
				DB42115421A074C70011C663 /* FormularioViewController.swift in Sources */,
				DB4F58E32184E0F100054762 /* CollectionViewDS.swift in Sources */,
				DB42115221A05C1F0011C663 /* PostCell.swift in Sources */,
			);
			runOnlyForDeploymentPostprocessing = 0;
		};
		DBF42DEF2184A41E001BDC80 /* Sources */ = {
			isa = PBXSourcesBuildPhase;
			buildActionMask = 2147483647;
			files = (
				DBF42DF82184A41E001BDC80 /* TestTests.swift in Sources */,
			);
			runOnlyForDeploymentPostprocessing = 0;
		};
		DBF42DFA2184A41E001BDC80 /* Sources */ = {
			isa = PBXSourcesBuildPhase;
			buildActionMask = 2147483647;
			files = (
				DBF42E032184A41E001BDC80 /* TestUITests.swift in Sources */,
			);
			runOnlyForDeploymentPostprocessing = 0;
		};
/* End PBXSourcesBuildPhase section */

/* Begin PBXTargetDependency section */
		DBE6A603219FA59A00D5967E /* PBXTargetDependency */ = {
			isa = PBXTargetDependency;
			name = Models;
			targetProxy = DBE6A602219FA59A00D5967E /* PBXContainerItemProxy */;
		};
		DBE6A607219FA5A800D5967E /* PBXTargetDependency */ = {
			isa = PBXTargetDependency;
			name = Models;
			targetProxy = DBE6A606219FA5A800D5967E /* PBXContainerItemProxy */;
		};
		DBF42DF52184A41E001BDC80 /* PBXTargetDependency */ = {
			isa = PBXTargetDependency;
			target = DBF42DDE2184A41C001BDC80 /* Test */;
			targetProxy = DBF42DF42184A41E001BDC80 /* PBXContainerItemProxy */;
		};
		DBF42E002184A41E001BDC80 /* PBXTargetDependency */ = {
			isa = PBXTargetDependency;
			target = DBF42DDE2184A41C001BDC80 /* Test */;
			targetProxy = DBF42DFF2184A41E001BDC80 /* PBXContainerItemProxy */;
		};
/* End PBXTargetDependency section */

/* Begin PBXVariantGroup section */
		DB36D431218E0166002A877F /* Usuario.storyboard */ = {
			isa = PBXVariantGroup;
			children = (
				DB36D432218E0166002A877F /* Base */,
			);
			name = Usuario.storyboard;
			sourceTree = "<group>";
		};
		DB36D44E218E14A6002A877F /* Post.storyboard */ = {
			isa = PBXVariantGroup;
			children = (
				DB36D44F218E14A6002A877F /* Base */,
			);
			name = Post.storyboard;
			sourceTree = "<group>";
		};
		DBF42DE62184A41C001BDC80 /* Main.storyboard */ = {
			isa = PBXVariantGroup;
			children = (
				DBF42DE72184A41C001BDC80 /* Base */,
			);
			name = Main.storyboard;
			sourceTree = "<group>";
		};
		DBF42DEB2184A41E001BDC80 /* LaunchScreen.storyboard */ = {
			isa = PBXVariantGroup;
			children = (
				DBF42DEC2184A41E001BDC80 /* Base */,
			);
			name = LaunchScreen.storyboard;
			sourceTree = "<group>";
		};
/* End PBXVariantGroup section */

/* Begin XCBuildConfiguration section */
		DBF42E052184A41E001BDC80 /* Debug */ = {
			isa = XCBuildConfiguration;
			buildSettings = {
				ALWAYS_SEARCH_USER_PATHS = NO;
				CLANG_ANALYZER_NONNULL = YES;
				CLANG_ANALYZER_NUMBER_OBJECT_CONVERSION = YES_AGGRESSIVE;
				CLANG_CXX_LANGUAGE_STANDARD = "gnu++14";
				CLANG_CXX_LIBRARY = "libc++";
				CLANG_ENABLE_MODULES = YES;
				CLANG_ENABLE_OBJC_ARC = YES;
				CLANG_ENABLE_OBJC_WEAK = YES;
				CLANG_WARN_BLOCK_CAPTURE_AUTORELEASING = YES;
				CLANG_WARN_BOOL_CONVERSION = YES;
				CLANG_WARN_COMMA = YES;
				CLANG_WARN_CONSTANT_CONVERSION = YES;
				CLANG_WARN_DEPRECATED_OBJC_IMPLEMENTATIONS = YES;
				CLANG_WARN_DIRECT_OBJC_ISA_USAGE = YES_ERROR;
				CLANG_WARN_DOCUMENTATION_COMMENTS = YES;
				CLANG_WARN_EMPTY_BODY = YES;
				CLANG_WARN_ENUM_CONVERSION = YES;
				CLANG_WARN_INFINITE_RECURSION = YES;
				CLANG_WARN_INT_CONVERSION = YES;
				CLANG_WARN_NON_LITERAL_NULL_CONVERSION = YES;
				CLANG_WARN_OBJC_IMPLICIT_RETAIN_SELF = YES;
				CLANG_WARN_OBJC_LITERAL_CONVERSION = YES;
				CLANG_WARN_OBJC_ROOT_CLASS = YES_ERROR;
				CLANG_WARN_RANGE_LOOP_ANALYSIS = YES;
				CLANG_WARN_STRICT_PROTOTYPES = YES;
				CLANG_WARN_SUSPICIOUS_MOVE = YES;
				CLANG_WARN_UNGUARDED_AVAILABILITY = YES_AGGRESSIVE;
				CLANG_WARN_UNREACHABLE_CODE = YES;
				CLANG_WARN__DUPLICATE_METHOD_MATCH = YES;
				CODE_SIGN_IDENTITY = "iPhone Developer";
				COPY_PHASE_STRIP = NO;
				DEBUG_INFORMATION_FORMAT = dwarf;
				ENABLE_STRICT_OBJC_MSGSEND = YES;
				ENABLE_TESTABILITY = YES;
				GCC_C_LANGUAGE_STANDARD = gnu11;
				GCC_DYNAMIC_NO_PIC = NO;
				GCC_NO_COMMON_BLOCKS = YES;
				GCC_OPTIMIZATION_LEVEL = 0;
				GCC_PREPROCESSOR_DEFINITIONS = (
					"DEBUG=1",
					"$(inherited)",
				);
				GCC_WARN_64_TO_32_BIT_CONVERSION = YES;
				GCC_WARN_ABOUT_RETURN_TYPE = YES_ERROR;
				GCC_WARN_UNDECLARED_SELECTOR = YES;
				GCC_WARN_UNINITIALIZED_AUTOS = YES_AGGRESSIVE;
				GCC_WARN_UNUSED_FUNCTION = YES;
				GCC_WARN_UNUSED_VARIABLE = YES;
				IPHONEOS_DEPLOYMENT_TARGET = 12.0;
				MTL_ENABLE_DEBUG_INFO = INCLUDE_SOURCE;
				MTL_FAST_MATH = YES;
				ONLY_ACTIVE_ARCH = YES;
				SDKROOT = iphoneos;
				SWIFT_ACTIVE_COMPILATION_CONDITIONS = DEBUG;
				SWIFT_OPTIMIZATION_LEVEL = "-Onone";
			};
			name = Debug;
		};
		DBF42E062184A41E001BDC80 /* Release */ = {
			isa = XCBuildConfiguration;
			buildSettings = {
				ALWAYS_SEARCH_USER_PATHS = NO;
				CLANG_ANALYZER_NONNULL = YES;
				CLANG_ANALYZER_NUMBER_OBJECT_CONVERSION = YES_AGGRESSIVE;
				CLANG_CXX_LANGUAGE_STANDARD = "gnu++14";
				CLANG_CXX_LIBRARY = "libc++";
				CLANG_ENABLE_MODULES = YES;
				CLANG_ENABLE_OBJC_ARC = YES;
				CLANG_ENABLE_OBJC_WEAK = YES;
				CLANG_WARN_BLOCK_CAPTURE_AUTORELEASING = YES;
				CLANG_WARN_BOOL_CONVERSION = YES;
				CLANG_WARN_COMMA = YES;
				CLANG_WARN_CONSTANT_CONVERSION = YES;
				CLANG_WARN_DEPRECATED_OBJC_IMPLEMENTATIONS = YES;
				CLANG_WARN_DIRECT_OBJC_ISA_USAGE = YES_ERROR;
				CLANG_WARN_DOCUMENTATION_COMMENTS = YES;
				CLANG_WARN_EMPTY_BODY = YES;
				CLANG_WARN_ENUM_CONVERSION = YES;
				CLANG_WARN_INFINITE_RECURSION = YES;
				CLANG_WARN_INT_CONVERSION = YES;
				CLANG_WARN_NON_LITERAL_NULL_CONVERSION = YES;
				CLANG_WARN_OBJC_IMPLICIT_RETAIN_SELF = YES;
				CLANG_WARN_OBJC_LITERAL_CONVERSION = YES;
				CLANG_WARN_OBJC_ROOT_CLASS = YES_ERROR;
				CLANG_WARN_RANGE_LOOP_ANALYSIS = YES;
				CLANG_WARN_STRICT_PROTOTYPES = YES;
				CLANG_WARN_SUSPICIOUS_MOVE = YES;
				CLANG_WARN_UNGUARDED_AVAILABILITY = YES_AGGRESSIVE;
				CLANG_WARN_UNREACHABLE_CODE = YES;
				CLANG_WARN__DUPLICATE_METHOD_MATCH = YES;
				CODE_SIGN_IDENTITY = "iPhone Developer";
				COPY_PHASE_STRIP = NO;
				DEBUG_INFORMATION_FORMAT = "dwarf-with-dsym";
				ENABLE_NS_ASSERTIONS = NO;
				ENABLE_STRICT_OBJC_MSGSEND = YES;
				GCC_C_LANGUAGE_STANDARD = gnu11;
				GCC_NO_COMMON_BLOCKS = YES;
				GCC_WARN_64_TO_32_BIT_CONVERSION = YES;
				GCC_WARN_ABOUT_RETURN_TYPE = YES_ERROR;
				GCC_WARN_UNDECLARED_SELECTOR = YES;
				GCC_WARN_UNINITIALIZED_AUTOS = YES_AGGRESSIVE;
				GCC_WARN_UNUSED_FUNCTION = YES;
				GCC_WARN_UNUSED_VARIABLE = YES;
				IPHONEOS_DEPLOYMENT_TARGET = 12.0;
				MTL_ENABLE_DEBUG_INFO = NO;
				MTL_FAST_MATH = YES;
				SDKROOT = iphoneos;
				SWIFT_COMPILATION_MODE = wholemodule;
				SWIFT_OPTIMIZATION_LEVEL = "-O";
				VALIDATE_PRODUCT = YES;
			};
			name = Release;
		};
		DBF42E082184A41E001BDC80 /* Debug */ = {
			isa = XCBuildConfiguration;
			buildSettings = {
				ASSETCATALOG_COMPILER_APPICON_NAME = AppIcon;
				CODE_SIGN_STYLE = Automatic;
				FRAMEWORK_SEARCH_PATHS = (
					"$(inherited)",
					"$(PROJECT_DIR)/Framework",
					"$(PROJECT_DIR)/Carthage/Build/iOS",
				);
				INFOPLIST_FILE = "$(SRCROOT)/Test/Config/Info.plist";
				LD_RUNPATH_SEARCH_PATHS = (
					"$(inherited)",
					"@executable_path/Frameworks",
				);
				PRODUCT_BUNDLE_IDENTIFIER = com.delvecchio.Test;
				PRODUCT_NAME = "$(TARGET_NAME)";
				SWIFT_VERSION = 4.2;
				TARGETED_DEVICE_FAMILY = "1,2";
			};
			name = Debug;
		};
		DBF42E092184A41E001BDC80 /* Release */ = {
			isa = XCBuildConfiguration;
			buildSettings = {
				ASSETCATALOG_COMPILER_APPICON_NAME = AppIcon;
				CODE_SIGN_STYLE = Automatic;
				FRAMEWORK_SEARCH_PATHS = (
					"$(inherited)",
					"$(PROJECT_DIR)/Framework",
					"$(PROJECT_DIR)/Carthage/Build/iOS",
				);
				INFOPLIST_FILE = "$(SRCROOT)/Test/Config/Info.plist";
				LD_RUNPATH_SEARCH_PATHS = (
					"$(inherited)",
					"@executable_path/Frameworks",
				);
				PRODUCT_BUNDLE_IDENTIFIER = com.delvecchio.Test;
				PRODUCT_NAME = "$(TARGET_NAME)";
				SWIFT_VERSION = 4.2;
				TARGETED_DEVICE_FAMILY = "1,2";
			};
			name = Release;
		};
		DBF42E0B2184A41E001BDC80 /* Debug */ = {
			isa = XCBuildConfiguration;
			buildSettings = {
				ALWAYS_EMBED_SWIFT_STANDARD_LIBRARIES = YES;
				BUNDLE_LOADER = "$(TEST_HOST)";
				CODE_SIGN_STYLE = Automatic;
				INFOPLIST_FILE = TestTests/Info.plist;
				LD_RUNPATH_SEARCH_PATHS = (
					"$(inherited)",
					"@executable_path/Frameworks",
					"@loader_path/Frameworks",
				);
				PRODUCT_BUNDLE_IDENTIFIER = com.delvecchio.TestTests;
				PRODUCT_NAME = "$(TARGET_NAME)";
				SWIFT_VERSION = 4.2;
				TARGETED_DEVICE_FAMILY = "1,2";
				TEST_HOST = "$(BUILT_PRODUCTS_DIR)/Test.app/Test";
			};
			name = Debug;
		};
		DBF42E0C2184A41E001BDC80 /* Release */ = {
			isa = XCBuildConfiguration;
			buildSettings = {
				ALWAYS_EMBED_SWIFT_STANDARD_LIBRARIES = YES;
				BUNDLE_LOADER = "$(TEST_HOST)";
				CODE_SIGN_STYLE = Automatic;
				INFOPLIST_FILE = TestTests/Info.plist;
				LD_RUNPATH_SEARCH_PATHS = (
					"$(inherited)",
					"@executable_path/Frameworks",
					"@loader_path/Frameworks",
				);
				PRODUCT_BUNDLE_IDENTIFIER = com.delvecchio.TestTests;
				PRODUCT_NAME = "$(TARGET_NAME)";
				SWIFT_VERSION = 4.2;
				TARGETED_DEVICE_FAMILY = "1,2";
				TEST_HOST = "$(BUILT_PRODUCTS_DIR)/Test.app/Test";
			};
			name = Release;
		};
		DBF42E0E2184A41E001BDC80 /* Debug */ = {
			isa = XCBuildConfiguration;
			buildSettings = {
				ALWAYS_EMBED_SWIFT_STANDARD_LIBRARIES = YES;
				CODE_SIGN_STYLE = Automatic;
				INFOPLIST_FILE = TestUITests/Info.plist;
				LD_RUNPATH_SEARCH_PATHS = (
					"$(inherited)",
					"@executable_path/Frameworks",
					"@loader_path/Frameworks",
				);
				PRODUCT_BUNDLE_IDENTIFIER = com.delvecchio.TestUITests;
				PRODUCT_NAME = "$(TARGET_NAME)";
				SWIFT_VERSION = 4.2;
				TARGETED_DEVICE_FAMILY = "1,2";
				TEST_TARGET_NAME = Test;
			};
			name = Debug;
		};
		DBF42E0F2184A41E001BDC80 /* Release */ = {
			isa = XCBuildConfiguration;
			buildSettings = {
				ALWAYS_EMBED_SWIFT_STANDARD_LIBRARIES = YES;
				CODE_SIGN_STYLE = Automatic;
				INFOPLIST_FILE = TestUITests/Info.plist;
				LD_RUNPATH_SEARCH_PATHS = (
					"$(inherited)",
					"@executable_path/Frameworks",
					"@loader_path/Frameworks",
				);
				PRODUCT_BUNDLE_IDENTIFIER = com.delvecchio.TestUITests;
				PRODUCT_NAME = "$(TARGET_NAME)";
				SWIFT_VERSION = 4.2;
				TARGETED_DEVICE_FAMILY = "1,2";
				TEST_TARGET_NAME = Test;
			};
			name = Release;
		};
/* End XCBuildConfiguration section */

/* Begin XCConfigurationList section */
		DBF42DDA2184A41C001BDC80 /* Build configuration list for PBXProject "Test" */ = {
			isa = XCConfigurationList;
			buildConfigurations = (
				DBF42E052184A41E001BDC80 /* Debug */,
				DBF42E062184A41E001BDC80 /* Release */,
			);
			defaultConfigurationIsVisible = 0;
			defaultConfigurationName = Release;
		};
		DBF42E072184A41E001BDC80 /* Build configuration list for PBXNativeTarget "Test" */ = {
			isa = XCConfigurationList;
			buildConfigurations = (
				DBF42E082184A41E001BDC80 /* Debug */,
				DBF42E092184A41E001BDC80 /* Release */,
			);
			defaultConfigurationIsVisible = 0;
			defaultConfigurationName = Release;
		};
		DBF42E0A2184A41E001BDC80 /* Build configuration list for PBXNativeTarget "TestTests" */ = {
			isa = XCConfigurationList;
			buildConfigurations = (
				DBF42E0B2184A41E001BDC80 /* Debug */,
				DBF42E0C2184A41E001BDC80 /* Release */,
			);
			defaultConfigurationIsVisible = 0;
			defaultConfigurationName = Release;
		};
		DBF42E0D2184A41E001BDC80 /* Build configuration list for PBXNativeTarget "TestUITests" */ = {
			isa = XCConfigurationList;
			buildConfigurations = (
				DBF42E0E2184A41E001BDC80 /* Debug */,
				DBF42E0F2184A41E001BDC80 /* Release */,
			);
			defaultConfigurationIsVisible = 0;
			defaultConfigurationName = Release;
		};
/* End XCConfigurationList section */
	};
	rootObject = DBF42DD72184A41C001BDC80 /* Project object */;
}
